
Microsoft Visual Studio Solution File, Format Version 12.00
# Visual Studio Version 17
VisualStudioVersion = 17.14.36221.1 d17.14
MinimumVisualStudioVersion = 10.0.40219.1
Project("{FAE04EC0-301F-11D3-BF4B-00C04F79EFBC}") = "NitroOS", "NitroOS\NitroOS.csproj", "{2A8F4978-5B30-41D3-8701-EC003264F35C}"
EndProject
Global
	GlobalSection(SolutionConfigurationPlatforms) = preSolution
		Debug|Any CPU = Debug|Any CPU
		Release|Any CPU = Release|Any CPU
	EndGlobalSection
	GlobalSection(ProjectConfigurationPlatforms) = postSolution
		{2A8F4978-5B30-41D3-8701-EC003264F35C}.Debug|Any CPU.ActiveCfg = Debug|Any CPU
		{2A8F4978-5B30-41D3-8701-EC003264F35C}.Debug|Any CPU.Build.0 = Debug|Any CPU
		{2A8F4978-5B30-41D3-8701-EC003264F35C}.Release|Any CPU.ActiveCfg = Release|Any CPU
		{2A8F4978-5B30-41D3-8701-EC003264F35C}.Release|Any CPU.Build.0 = Release|Any CPU
	EndGlobalSection
	GlobalSection(SolutionProperties) = preSolution
		HideSolutionNode = FALSE
	EndGlobalSection
	GlobalSection(ExtensibilityGlobals) = postSolution
		SolutionGuid = {9F6AD48F-718A-449E-B35A-4FADC4F1249F}
	EndGlobalSection
EndGlobal
